
Microsoft Visual Studio Solution File, Format Version 12.00
Project("{FAE04EC0-301F-11D3-BF4B-00C04F79EFBC}") = "LibraryCrud", "LibraryCrud\LibraryCrud.csproj", "{414E22D8-75E1-4FF4-8EE0-04AF8B181BDA}"
EndProject
Global
	GlobalSection(SolutionConfigurationPlatforms) = preSolution
		Debug|Any CPU = Debug|Any CPU
		Release|Any CPU = Release|Any CPU
	EndGlobalSection
	GlobalSection(ProjectConfigurationPlatforms) = postSolution
		{414E22D8-75E1-4FF4-8EE0-04AF8B181BDA}.Debug|Any CPU.ActiveCfg = Debug|Any CPU
		{414E22D8-75E1-4FF4-8EE0-04AF8B181BDA}.Debug|Any CPU.Build.0 = Debug|Any CPU
		{414E22D8-75E1-4FF4-8EE0-04AF8B181BDA}.Release|Any CPU.ActiveCfg = Release|Any CPU
		{414E22D8-75E1-4FF4-8EE0-04AF8B181BDA}.Release|Any CPU.Build.0 = Release|Any CPU
	EndGlobalSection
EndGlobal
